
Microsoft Visual Studio Solution File, Format Version 12.00
# Visual Studio Version 16
VisualStudioVersion = 16.0.31019.35
MinimumVisualStudioVersion = 10.0.40219.1
Project("{FAE04EC0-301F-11D3-BF4B-00C04F79EFBC}") = "PointOfSale", "PointOfSaleSedek\PointOfSale.csproj", "{1D578CB1-0246-4E81-BED9-396179F07260}"
EndProject
Project("{FAE04EC0-301F-11D3-BF4B-00C04F79EFBC}") = "DataRep", "DataRep\DataRep.csproj", "{B8B31DBB-FFDC-4A11-89D1-B5AD6E75E49D}"
EndProject
Global
	GlobalSection(SolutionConfigurationPlatforms) = preSolution
		Debug|Any CPU = Debug|Any CPU
		Release|Any CPU = Release|Any CPU
	EndGlobalSection
	GlobalSection(ProjectConfigurationPlatforms) = postSolution
		{1D578CB1-0246-4E81-BED9-396179F07260}.Debug|Any CPU.ActiveCfg = Debug|Any CPU
		{1D578CB1-0246-4E81-BED9-396179F07260}.Debug|Any CPU.Build.0 = Debug|Any CPU
		{1D578CB1-0246-4E81-BED9-396179F07260}.Release|Any CPU.ActiveCfg = Release|Any CPU
		{1D578CB1-0246-4E81-BED9-396179F07260}.Release|Any CPU.Build.0 = Release|Any CPU
		{B8B31DBB-FFDC-4A11-89D1-B5AD6E75E49D}.Debug|Any CPU.ActiveCfg = Debug|Any CPU
		{B8B31DBB-FFDC-4A11-89D1-B5AD6E75E49D}.Debug|Any CPU.Build.0 = Debug|Any CPU
		{B8B31DBB-FFDC-4A11-89D1-B5AD6E75E49D}.Release|Any CPU.ActiveCfg = Release|Any CPU
		{B8B31DBB-FFDC-4A11-89D1-B5AD6E75E49D}.Release|Any CPU.Build.0 = Release|Any CPU
	EndGlobalSection
	GlobalSection(SolutionProperties) = preSolution
		HideSolutionNode = FALSE
	EndGlobalSection
	GlobalSection(ExtensibilityGlobals) = postSolution
		SolutionGuid = {F204B627-4483-4F80-BA79-828F6ECA0912}
	EndGlobalSection
EndGlobal
